{
  "name": "auth-panel",
  "version": "1.0.0",
  "lockfileVersion": 3,
  "requires": true,
  "packages": {
    "": {
      "name": "auth-panel",
      "version": "1.0.0",
      "dependencies": {
        "@supabase/supabase-js": "^2.0.0",
        "bcryptjs": "^2.4.3",
        "jsonwebtoken": "^9.0.2",
        "zod": "^3.0.0"
      }
    }
  }
}
